
Microsoft Visual Studio Solution File, Format Version 12.00
# Visual Studio 14
VisualStudioVersion = 14.0.25420.1
MinimumVisualStudioVersion = 10.0.40219.1
Project("{FAE04EC0-301F-11D3-BF4B-00C04F79EFBC}") = "Intermedio", "Intermedio\Intermedio.csproj", "{D19F36D8-3F93-4BCC-9C93-3D3E7306039C}"
EndProject
Project("{FAE04EC0-301F-11D3-BF4B-00C04F79EFBC}") = "MisMates", "MisMates\MisMates.csproj", "{D0FF9324-6414-4ADF-AB7F-734C8DFB7627}"
EndProject
Global
	GlobalSection(SolutionConfigurationPlatforms) = preSolution
		Debug|Any CPU = Debug|Any CPU
		Release|Any CPU = Release|Any CPU
	EndGlobalSection
	GlobalSection(ProjectConfigurationPlatforms) = postSolution
		{D19F36D8-3F93-4BCC-9C93-3D3E7306039C}.Debug|Any CPU.ActiveCfg = Debug|Any CPU
		{D19F36D8-3F93-4BCC-9C93-3D3E7306039C}.Debug|Any CPU.Build.0 = Debug|Any CPU
		{D19F36D8-3F93-4BCC-9C93-3D3E7306039C}.Release|Any CPU.ActiveCfg = Release|Any CPU
		{D19F36D8-3F93-4BCC-9C93-3D3E7306039C}.Release|Any CPU.Build.0 = Release|Any CPU
		{D0FF9324-6414-4ADF-AB7F-734C8DFB7627}.Debug|Any CPU.ActiveCfg = Debug|Any CPU
		{D0FF9324-6414-4ADF-AB7F-734C8DFB7627}.Debug|Any CPU.Build.0 = Debug|Any CPU
		{D0FF9324-6414-4ADF-AB7F-734C8DFB7627}.Release|Any CPU.ActiveCfg = Release|Any CPU
		{D0FF9324-6414-4ADF-AB7F-734C8DFB7627}.Release|Any CPU.Build.0 = Release|Any CPU
	EndGlobalSection
	GlobalSection(SolutionProperties) = preSolution
		HideSolutionNode = FALSE
	EndGlobalSection
EndGlobal
